// !$*UTF8*$!
{
	archiveVersion = 1;
	classes = {
	};
	objectVersion = 56;
	objects = {

/* Begin PBXBuildFile section */
		DB2BBB072AF917390037CFBA /* AppDelegate.swift in Sources */ = {isa = PBXBuildFile; fileRef = DB2BBB062AF917390037CFBA /* AppDelegate.swift */; };
		DB2BBB092AF917390037CFBA /* SceneDelegate.swift in Sources */ = {isa = PBXBuildFile; fileRef = DB2BBB082AF917390037CFBA /* SceneDelegate.swift */; };
		DB2BBB0B2AF917390037CFBA /* ViewControllerA.swift in Sources */ = {isa = PBXBuildFile; fileRef = DB2BBB0A2AF917390037CFBA /* ViewControllerA.swift */; };
		DB2BBB0E2AF917390037CFBA /* Main.storyboard in Resources */ = {isa = PBXBuildFile; fileRef = DB2BBB0C2AF917390037CFBA /* Main.storyboard */; };
		DB2BBB102AF9173B0037CFBA /* Assets.xcassets in Resources */ = {isa = PBXBuildFile; fileRef = DB2BBB0F2AF9173B0037CFBA /* Assets.xcassets */; };
		DB2BBB132AF9173B0037CFBA /* LaunchScreen.storyboard in Resources */ = {isa = PBXBuildFile; fileRef = DB2BBB112AF9173B0037CFBA /* LaunchScreen.storyboard */; };
		DB2BBB1E2AF9173C0037CFBA /* NavigationPush_UIKitTests.swift in Sources */ = {isa = PBXBuildFile; fileRef = DB2BBB1D2AF9173C0037CFBA /* NavigationPush_UIKitTests.swift */; };
		DB2BBB282AF9173C0037CFBA /* NavigationPush_UIKitUITests.swift in Sources */ = {isa = PBXBuildFile; fileRef = DB2BBB272AF9173C0037CFBA /* NavigationPush_UIKitUITests.swift */; };
		DB2BBB2A2AF9173C0037CFBA /* NavigationPush_UIKitUITestsLaunchTests.swift in Sources */ = {isa = PBXBuildFile; fileRef = DB2BBB292AF9173C0037CFBA /* NavigationPush_UIKitUITestsLaunchTests.swift */; };
		DBA1A9082AFA28C600EBB2E0 /* ViewControllerB.swift in Sources */ = {isa = PBXBuildFile; fileRef = DBA1A9072AFA28C600EBB2E0 /* ViewControllerB.swift */; };
		DBA1A90A2AFA2AC200EBB2E0 /* ViewControllerC.swift in Sources */ = {isa = PBXBuildFile; fileRef = DBA1A9092AFA2AC200EBB2E0 /* ViewControllerC.swift */; };
		DBA1A90C2AFA2C2600EBB2E0 /* ViewControllerD.swift in Sources */ = {isa = PBXBuildFile; fileRef = DBA1A90B2AFA2C2600EBB2E0 /* ViewControllerD.swift */; };
		DBA1A90E2AFA30BB00EBB2E0 /* ViewControllerE.swift in Sources */ = {isa = PBXBuildFile; fileRef = DBA1A90D2AFA30BB00EBB2E0 /* ViewControllerE.swift */; };
/* End PBXBuildFile section */

/* Begin PBXContainerItemProxy section */
		DB2BBB1A2AF9173C0037CFBA /* PBXContainerItemProxy */ = {
			isa = PBXContainerItemProxy;
			containerPortal = DB2BBAFB2AF917390037CFBA /* Project object */;
			proxyType = 1;
			remoteGlobalIDString = DB2BBB022AF917390037CFBA;
			remoteInfo = NavigationPush_UIKit;
		};
		DB2BBB242AF9173C0037CFBA /* PBXContainerItemProxy */ = {
			isa = PBXContainerItemProxy;
			containerPortal = DB2BBAFB2AF917390037CFBA /* Project object */;
			proxyType = 1;
			remoteGlobalIDString = DB2BBB022AF917390037CFBA;
			remoteInfo = NavigationPush_UIKit;
		};
/* End PBXContainerItemProxy section */

/* Begin PBXFileReference section */
		DB2BBB032AF917390037CFBA /* NavigationPush_UIKit.app */ = {isa = PBXFileReference; explicitFileType = wrapper.application; includeInIndex = 0; path = NavigationPush_UIKit.app; sourceTree = BUILT_PRODUCTS_DIR; };
		DB2BBB062AF917390037CFBA /* AppDelegate.swift */ = {isa = PBXFileReference; lastKnownFileType = sourcecode.swift; path = AppDelegate.swift; sourceTree = "<group>"; };
		DB2BBB082AF917390037CFBA /* SceneDelegate.swift */ = {isa = PBXFileReference; lastKnownFileType = sourcecode.swift; path = SceneDelegate.swift; sourceTree = "<group>"; };
		DB2BBB0A2AF917390037CFBA /* ViewControllerA.swift */ = {isa = PBXFileReference; lastKnownFileType = sourcecode.swift; path = ViewControllerA.swift; sourceTree = "<group>"; };
		DB2BBB0D2AF917390037CFBA /* Base */ = {isa = PBXFileReference; lastKnownFileType = file.storyboard; name = Base; path = Base.lproj/Main.storyboard; sourceTree = "<group>"; };
		DB2BBB0F2AF9173B0037CFBA /* Assets.xcassets */ = {isa = PBXFileReference; lastKnownFileType = folder.assetcatalog; path = Assets.xcassets; sourceTree = "<group>"; };
		DB2BBB122AF9173B0037CFBA /* Base */ = {isa = PBXFileReference; lastKnownFileType = file.storyboard; name = Base; path = Base.lproj/LaunchScreen.storyboard; sourceTree = "<group>"; };
		DB2BBB142AF9173B0037CFBA /* Info.plist */ = {isa = PBXFileReference; lastKnownFileType = text.plist.xml; path = Info.plist; sourceTree = "<group>"; };
		DB2BBB192AF9173C0037CFBA /* NavigationPush_UIKitTests.xctest */ = {isa = PBXFileReference; explicitFileType = wrapper.cfbundle; includeInIndex = 0; path = NavigationPush_UIKitTests.xctest; sourceTree = BUILT_PRODUCTS_DIR; };
		DB2BBB1D2AF9173C0037CFBA /* NavigationPush_UIKitTests.swift */ = {isa = PBXFileReference; lastKnownFileType = sourcecode.swift; path = NavigationPush_UIKitTests.swift; sourceTree = "<group>"; };
		DB2BBB232AF9173C0037CFBA /* NavigationPush_UIKitUITests.xctest */ = {isa = PBXFileReference; explicitFileType = wrapper.cfbundle; includeInIndex = 0; path = NavigationPush_UIKitUITests.xctest; sourceTree = BUILT_PRODUCTS_DIR; };
		DB2BBB272AF9173C0037CFBA /* NavigationPush_UIKitUITests.swift */ = {isa = PBXFileReference; lastKnownFileType = sourcecode.swift; path = NavigationPush_UIKitUITests.swift; sourceTree = "<group>"; };
		DB2BBB292AF9173C0037CFBA /* NavigationPush_UIKitUITestsLaunchTests.swift */ = {isa = PBXFileReference; lastKnownFileType = sourcecode.swift; path = NavigationPush_UIKitUITestsLaunchTests.swift; sourceTree = "<group>"; };
		DBA1A9072AFA28C600EBB2E0 /* ViewControllerB.swift */ = {isa = PBXFileReference; lastKnownFileType = sourcecode.swift; path = ViewControllerB.swift; sourceTree = "<group>"; };
		DBA1A9092AFA2AC200EBB2E0 /* ViewControllerC.swift */ = {isa = PBXFileReference; lastKnownFileType = sourcecode.swift; path = ViewControllerC.swift; sourceTree = "<group>"; };
		DBA1A90B2AFA2C2600EBB2E0 /* ViewControllerD.swift */ = {isa = PBXFileReference; lastKnownFileType = sourcecode.swift; path = ViewControllerD.swift; sourceTree = "<group>"; };
		DBA1A90D2AFA30BB00EBB2E0 /* ViewControllerE.swift */ = {isa = PBXFileReference; lastKnownFileType = sourcecode.swift; path = ViewControllerE.swift; sourceTree = "<group>"; };
/* End PBXFileReference section */

/* Begin PBXFrameworksBuildPhase section */
		DB2BBB002AF917390037CFBA /* Frameworks */ = {
			isa = PBXFrameworksBuildPhase;
			buildActionMask = 2147483647;
			files = (
			);
			runOnlyForDeploymentPostprocessing = 0;
		};
		DB2BBB162AF9173C0037CFBA /* Frameworks */ = {
			isa = PBXFrameworksBuildPhase;
			buildActionMask = 2147483647;
			files = (
			);
			runOnlyForDeploymentPostprocessing = 0;
		};
		DB2BBB202AF9173C0037CFBA /* Frameworks */ = {
			isa = PBXFrameworksBuildPhase;
			buildActionMask = 2147483647;
			files = (
			);
			runOnlyForDeploymentPostprocessing = 0;
		};
/* End PBXFrameworksBuildPhase section */

/* Begin PBXGroup section */
		DB2BBAFA2AF917390037CFBA = {
			isa = PBXGroup;
			children = (
				DB2BBB052AF917390037CFBA /* NavigationPush_UIKit */,
				DB2BBB1C2AF9173C0037CFBA /* NavigationPush_UIKitTests */,
				DB2BBB262AF9173C0037CFBA /* NavigationPush_UIKitUITests */,
				DB2BBB042AF917390037CFBA /* Products */,
			);
			sourceTree = "<group>";
		};
		DB2BBB042AF917390037CFBA /* Products */ = {
			isa = PBXGroup;
			children = (
				DB2BBB032AF917390037CFBA /* NavigationPush_UIKit.app */,
				DB2BBB192AF9173C0037CFBA /* NavigationPush_UIKitTests.xctest */,
				DB2BBB232AF9173C0037CFBA /* NavigationPush_UIKitUITests.xctest */,
			);
			name = Products;
			sourceTree = "<group>";
		};
		DB2BBB052AF917390037CFBA /* NavigationPush_UIKit */ = {
			isa = PBXGroup;
			children = (
				DB2BBB062AF917390037CFBA /* AppDelegate.swift */,
				DB2BBB082AF917390037CFBA /* SceneDelegate.swift */,
				DB2BBB0A2AF917390037CFBA /* ViewControllerA.swift */,
				DBA1A9092AFA2AC200EBB2E0 /* ViewControllerC.swift */,
				DBA1A90B2AFA2C2600EBB2E0 /* ViewControllerD.swift */,
				DBA1A90D2AFA30BB00EBB2E0 /* ViewControllerE.swift */,
				DBA1A9072AFA28C600EBB2E0 /* ViewControllerB.swift */,
				DB2BBB0C2AF917390037CFBA /* Main.storyboard */,
				DB2BBB0F2AF9173B0037CFBA /* Assets.xcassets */,
				DB2BBB112AF9173B0037CFBA /* LaunchScreen.storyboard */,
				DB2BBB142AF9173B0037CFBA /* Info.plist */,
			);
			path = NavigationPush_UIKit;
			sourceTree = "<group>";
		};
		DB2BBB1C2AF9173C0037CFBA /* NavigationPush_UIKitTests */ = {
			isa = PBXGroup;
			children = (
				DB2BBB1D2AF9173C0037CFBA /* NavigationPush_UIKitTests.swift */,
			);
			path = NavigationPush_UIKitTests;
			sourceTree = "<group>";
		};
		DB2BBB262AF9173C0037CFBA /* NavigationPush_UIKitUITests */ = {
			isa = PBXGroup;
			children = (
				DB2BBB272AF9173C0037CFBA /* NavigationPush_UIKitUITests.swift */,
				DB2BBB292AF9173C0037CFBA /* NavigationPush_UIKitUITestsLaunchTests.swift */,
			);
			path = NavigationPush_UIKitUITests;
			sourceTree = "<group>";
		};
/* End PBXGroup section */

/* Begin PBXNativeTarget section */
		DB2BBB022AF917390037CFBA /* NavigationPush_UIKit */ = {
			isa = PBXNativeTarget;
			buildConfigurationList = DB2BBB2D2AF9173C0037CFBA /* Build configuration list for PBXNativeTarget "NavigationPush_UIKit" */;
			buildPhases = (
				DB2BBAFF2AF917390037CFBA /* Sources */,
				DB2BBB002AF917390037CFBA /* Frameworks */,
				DB2BBB012AF917390037CFBA /* Resources */,
			);
			buildRules = (
			);
			dependencies = (
			);
			name = NavigationPush_UIKit;
			productName = NavigationPush_UIKit;
			productReference = DB2BBB032AF917390037CFBA /* NavigationPush_UIKit.app */;
			productType = "com.apple.product-type.application";
		};
		DB2BBB182AF9173C0037CFBA /* NavigationPush_UIKitTests */ = {
			isa = PBXNativeTarget;
			buildConfigurationList = DB2BBB302AF9173C0037CFBA /* Build configuration list for PBXNativeTarget "NavigationPush_UIKitTests" */;
			buildPhases = (
				DB2BBB152AF9173C0037CFBA /* Sources */,
				DB2BBB162AF9173C0037CFBA /* Frameworks */,
				DB2BBB172AF9173C0037CFBA /* Resources */,
			);
			buildRules = (
			);
			dependencies = (
				DB2BBB1B2AF9173C0037CFBA /* PBXTargetDependency */,
			);
			name = NavigationPush_UIKitTests;
			productName = NavigationPush_UIKitTests;
			productReference = DB2BBB192AF9173C0037CFBA /* NavigationPush_UIKitTests.xctest */;
			productType = "com.apple.product-type.bundle.unit-test";
		};
		DB2BBB222AF9173C0037CFBA /* NavigationPush_UIKitUITests */ = {
			isa = PBXNativeTarget;
			buildConfigurationList = DB2BBB332AF9173C0037CFBA /* Build configuration list for PBXNativeTarget "NavigationPush_UIKitUITests" */;
			buildPhases = (
				DB2BBB1F2AF9173C0037CFBA /* Sources */,
				DB2BBB202AF9173C0037CFBA /* Frameworks */,
				DB2BBB212AF9173C0037CFBA /* Resources */,
			);
			buildRules = (
			);
			dependencies = (
				DB2BBB252AF9173C0037CFBA /* PBXTargetDependency */,
			);
			name = NavigationPush_UIKitUITests;
			productName = NavigationPush_UIKitUITests;
			productReference = DB2BBB232AF9173C0037CFBA /* NavigationPush_UIKitUITests.xctest */;
			productType = "com.apple.product-type.bundle.ui-testing";
		};
/* End PBXNativeTarget section */

/* Begin PBXProject section */
		DB2BBAFB2AF917390037CFBA /* Project object */ = {
			isa = PBXProject;
			attributes = {
				BuildIndependentTargetsInParallel = 1;
				LastSwiftUpdateCheck = 1500;
				LastUpgradeCheck = 1500;
				TargetAttributes = {
					DB2BBB022AF917390037CFBA = {
						CreatedOnToolsVersion = 15.0.1;
					};
					DB2BBB182AF9173C0037CFBA = {
						CreatedOnToolsVersion = 15.0.1;
						TestTargetID = DB2BBB022AF917390037CFBA;
					};
					DB2BBB222AF9173C0037CFBA = {
						CreatedOnToolsVersion = 15.0.1;
						TestTargetID = DB2BBB022AF917390037CFBA;
					};
				};
			};
			buildConfigurationList = DB2BBAFE2AF917390037CFBA /* Build configuration list for PBXProject "NavigationPush_UIKit" */;
			compatibilityVersion = "Xcode 14.0";
			developmentRegion = en;
			hasScannedForEncodings = 0;
			knownRegions = (
				en,
				Base,
			);
			mainGroup = DB2BBAFA2AF917390037CFBA;
			productRefGroup = DB2BBB042AF917390037CFBA /* Products */;
			projectDirPath = "";
			projectRoot = "";
			targets = (
				DB2BBB022AF917390037CFBA /* NavigationPush_UIKit */,
				DB2BBB182AF9173C0037CFBA /* NavigationPush_UIKitTests */,
				DB2BBB222AF9173C0037CFBA /* NavigationPush_UIKitUITests */,
			);
		};
/* End PBXProject section */

/* Begin PBXResourcesBuildPhase section */
		DB2BBB012AF917390037CFBA /* Resources */ = {
			isa = PBXResourcesBuildPhase;
			buildActionMask = 2147483647;
			files = (
				DB2BBB132AF9173B0037CFBA /* LaunchScreen.storyboard in Resources */,
				DB2BBB102AF9173B0037CFBA /* Assets.xcassets in Resources */,
				DB2BBB0E2AF917390037CFBA /* Main.storyboard in Resources */,
			);
			runOnlyForDeploymentPostprocessing = 0;
		};
		DB2BBB172AF9173C0037CFBA /* Resources */ = {
			isa = PBXResourcesBuildPhase;
			buildActionMask = 2147483647;
			files = (
			);
			runOnlyForDeploymentPostprocessing = 0;
		};
		DB2BBB212AF9173C0037CFBA /* Resources */ = {
			isa = PBXResourcesBuildPhase;
			buildActionMask = 2147483647;
			files = (
			);
			runOnlyForDeploymentPostprocessing = 0;
		};
/* End PBXResourcesBuildPhase section */

/* Begin PBXSourcesBuildPhase section */
		DB2BBAFF2AF917390037CFBA /* Sources */ = {
			isa = PBXSourcesBuildPhase;
			buildActionMask = 2147483647;
			files = (
				DBA1A90E2AFA30BB00EBB2E0 /* ViewControllerE.swift in Sources */,
				DB2BBB0B2AF917390037CFBA /* ViewControllerA.swift in Sources */,
				DBA1A9082AFA28C600EBB2E0 /* ViewControllerB.swift in Sources */,
				DBA1A90A2AFA2AC200EBB2E0 /* ViewControllerC.swift in Sources */,
				DB2BBB072AF917390037CFBA /* AppDelegate.swift in Sources */,
				DB2BBB092AF917390037CFBA /* SceneDelegate.swift in Sources */,
				DBA1A90C2AFA2C2600EBB2E0 /* ViewControllerD.swift in Sources */,
			);
			runOnlyForDeploymentPostprocessing = 0;
		};
		DB2BBB152AF9173C0037CFBA /* Sources */ = {
			isa = PBXSourcesBuildPhase;
			buildActionMask = 2147483647;
			files = (
				DB2BBB1E2AF9173C0037CFBA /* NavigationPush_UIKitTests.swift in Sources */,
			);
			runOnlyForDeploymentPostprocessing = 0;
		};
		DB2BBB1F2AF9173C0037CFBA /* Sources */ = {
			isa = PBXSourcesBuildPhase;
			buildActionMask = 2147483647;
			files = (
				DB2BBB282AF9173C0037CFBA /* NavigationPush_UIKitUITests.swift in Sources */,
				DB2BBB2A2AF9173C0037CFBA /* NavigationPush_UIKitUITestsLaunchTests.swift in Sources */,
			);
			runOnlyForDeploymentPostprocessing = 0;
		};
/* End PBXSourcesBuildPhase section */

/* Begin PBXTargetDependency section */
		DB2BBB1B2AF9173C0037CFBA /* PBXTargetDependency */ = {
			isa = PBXTargetDependency;
			target = DB2BBB022AF917390037CFBA /* NavigationPush_UIKit */;
			targetProxy = DB2BBB1A2AF9173C0037CFBA /* PBXContainerItemProxy */;
		};
		DB2BBB252AF9173C0037CFBA /* PBXTargetDependency */ = {
			isa = PBXTargetDependency;
			target = DB2BBB022AF917390037CFBA /* NavigationPush_UIKit */;
			targetProxy = DB2BBB242AF9173C0037CFBA /* PBXContainerItemProxy */;
		};
/* End PBXTargetDependency section */

/* Begin PBXVariantGroup section */
		DB2BBB0C2AF917390037CFBA /* Main.storyboard */ = {
			isa = PBXVariantGroup;
			children = (
				DB2BBB0D2AF917390037CFBA /* Base */,
			);
			name = Main.storyboard;
			sourceTree = "<group>";
		};
		DB2BBB112AF9173B0037CFBA /* LaunchScreen.storyboard */ = {
			isa = PBXVariantGroup;
			children = (
				DB2BBB122AF9173B0037CFBA /* Base */,
			);
			name = LaunchScreen.storyboard;
			sourceTree = "<group>";
		};
/* End PBXVariantGroup section */

/* Begin XCBuildConfiguration section */
		DB2BBB2B2AF9173C0037CFBA /* Debug */ = {
			isa = XCBuildConfiguration;
			buildSettings = {
				ALWAYS_SEARCH_USER_PATHS = NO;
				ASSETCATALOG_COMPILER_GENERATE_SWIFT_ASSET_SYMBOL_EXTENSIONS = YES;
				CLANG_ANALYZER_NONNULL = YES;
				CLANG_ANALYZER_NUMBER_OBJECT_CONVERSION = YES_AGGRESSIVE;
				CLANG_CXX_LANGUAGE_STANDARD = "gnu++20";
				CLANG_ENABLE_MODULES = YES;
				CLANG_ENABLE_OBJC_ARC = YES;
				CLANG_ENABLE_OBJC_WEAK = YES;
				CLANG_WARN_BLOCK_CAPTURE_AUTORELEASING = YES;
				CLANG_WARN_BOOL_CONVERSION = YES;
				CLANG_WARN_COMMA = YES;
				CLANG_WARN_CONSTANT_CONVERSION = YES;
				CLANG_WARN_DEPRECATED_OBJC_IMPLEMENTATIONS = YES;
				CLANG_WARN_DIRECT_OBJC_ISA_USAGE = YES_ERROR;
				CLANG_WARN_DOCUMENTATION_COMMENTS = YES;
				CLANG_WARN_EMPTY_BODY = YES;
				CLANG_WARN_ENUM_CONVERSION = YES;
				CLANG_WARN_INFINITE_RECURSION = YES;
				CLANG_WARN_INT_CONVERSION = YES;
				CLANG_WARN_NON_LITERAL_NULL_CONVERSION = YES;
				CLANG_WARN_OBJC_IMPLICIT_RETAIN_SELF = YES;
				CLANG_WARN_OBJC_LITERAL_CONVERSION = YES;
				CLANG_WARN_OBJC_ROOT_CLASS = YES_ERROR;
				CLANG_WARN_QUOTED_INCLUDE_IN_FRAMEWORK_HEADER = YES;
				CLANG_WARN_RANGE_LOOP_ANALYSIS = YES;
				CLANG_WARN_STRICT_PROTOTYPES = YES;
				CLANG_WARN_SUSPICIOUS_MOVE = YES;
				CLANG_WARN_UNGUARDED_AVAILABILITY = YES_AGGRESSIVE;
				CLANG_WARN_UNREACHABLE_CODE = YES;
				CLANG_WARN__DUPLICATE_METHOD_MATCH = YES;
				COPY_PHASE_STRIP = NO;
				DEBUG_INFORMATION_FORMAT = dwarf;
				ENABLE_STRICT_OBJC_MSGSEND = YES;
				ENABLE_TESTABILITY = YES;
				ENABLE_USER_SCRIPT_SANDBOXING = YES;
				GCC_C_LANGUAGE_STANDARD = gnu17;
				GCC_DYNAMIC_NO_PIC = NO;
				GCC_NO_COMMON_BLOCKS = YES;
				GCC_OPTIMIZATION_LEVEL = 0;
				GCC_PREPROCESSOR_DEFINITIONS = (
					"DEBUG=1",
					"$(inherited)",
				);
				GCC_WARN_64_TO_32_BIT_CONVERSION = YES;
				GCC_WARN_ABOUT_RETURN_TYPE = YES_ERROR;
				GCC_WARN_UNDECLARED_SELECTOR = YES;
				GCC_WARN_UNINITIALIZED_AUTOS = YES_AGGRESSIVE;
				GCC_WARN_UNUSED_FUNCTION = YES;
				GCC_WARN_UNUSED_VARIABLE = YES;
				IPHONEOS_DEPLOYMENT_TARGET = 17.0;
				LOCALIZATION_PREFERS_STRING_CATALOGS = YES;
				MTL_ENABLE_DEBUG_INFO = INCLUDE_SOURCE;
				MTL_FAST_MATH = YES;
				ONLY_ACTIVE_ARCH = YES;
				SDKROOT = iphoneos;
				SWIFT_ACTIVE_COMPILATION_CONDITIONS = "DEBUG $(inherited)";
				SWIFT_OPTIMIZATION_LEVEL = "-Onone";
			};
			name = Debug;
		};
		DB2BBB2C2AF9173C0037CFBA /* Release */ = {
			isa = XCBuildConfiguration;
			buildSettings = {
				ALWAYS_SEARCH_USER_PATHS = NO;
				ASSETCATALOG_COMPILER_GENERATE_SWIFT_ASSET_SYMBOL_EXTENSIONS = YES;
				CLANG_ANALYZER_NONNULL = YES;
				CLANG_ANALYZER_NUMBER_OBJECT_CONVERSION = YES_AGGRESSIVE;
				CLANG_CXX_LANGUAGE_STANDARD = "gnu++20";
				CLANG_ENABLE_MODULES = YES;
				CLANG_ENABLE_OBJC_ARC = YES;
				CLANG_ENABLE_OBJC_WEAK = YES;
				CLANG_WARN_BLOCK_CAPTURE_AUTORELEASING = YES;
				CLANG_WARN_BOOL_CONVERSION = YES;
				CLANG_WARN_COMMA = YES;
				CLANG_WARN_CONSTANT_CONVERSION = YES;
				CLANG_WARN_DEPRECATED_OBJC_IMPLEMENTATIONS = YES;
				CLANG_WARN_DIRECT_OBJC_ISA_USAGE = YES_ERROR;
				CLANG_WARN_DOCUMENTATION_COMMENTS = YES;
				CLANG_WARN_EMPTY_BODY = YES;
				CLANG_WARN_ENUM_CONVERSION = YES;
				CLANG_WARN_INFINITE_RECURSION = YES;
				CLANG_WARN_INT_CONVERSION = YES;
				CLANG_WARN_NON_LITERAL_NULL_CONVERSION = YES;
				CLANG_WARN_OBJC_IMPLICIT_RETAIN_SELF = YES;
				CLANG_WARN_OBJC_LITERAL_CONVERSION = YES;
				CLANG_WARN_OBJC_ROOT_CLASS = YES_ERROR;
				CLANG_WARN_QUOTED_INCLUDE_IN_FRAMEWORK_HEADER = YES;
				CLANG_WARN_RANGE_LOOP_ANALYSIS = YES;
				CLANG_WARN_STRICT_PROTOTYPES = YES;
				CLANG_WARN_SUSPICIOUS_MOVE = YES;
				CLANG_WARN_UNGUARDED_AVAILABILITY = YES_AGGRESSIVE;
				CLANG_WARN_UNREACHABLE_CODE = YES;
				CLANG_WARN__DUPLICATE_METHOD_MATCH = YES;
				COPY_PHASE_STRIP = NO;
				DEBUG_INFORMATION_FORMAT = "dwarf-with-dsym";
				ENABLE_NS_ASSERTIONS = NO;
				ENABLE_STRICT_OBJC_MSGSEND = YES;
				ENABLE_USER_SCRIPT_SANDBOXING = YES;
				GCC_C_LANGUAGE_STANDARD = gnu17;
				GCC_NO_COMMON_BLOCKS = YES;
				GCC_WARN_64_TO_32_BIT_CONVERSION = YES;
				GCC_WARN_ABOUT_RETURN_TYPE = YES_ERROR;
				GCC_WARN_UNDECLARED_SELECTOR = YES;
				GCC_WARN_UNINITIALIZED_AUTOS = YES_AGGRESSIVE;
				GCC_WARN_UNUSED_FUNCTION = YES;
				GCC_WARN_UNUSED_VARIABLE = YES;
				IPHONEOS_DEPLOYMENT_TARGET = 17.0;
				LOCALIZATION_PREFERS_STRING_CATALOGS = YES;
				MTL_ENABLE_DEBUG_INFO = NO;
				MTL_FAST_MATH = YES;
				SDKROOT = iphoneos;
				SWIFT_COMPILATION_MODE = wholemodule;
				VALIDATE_PRODUCT = YES;
			};
			name = Release;
		};
		DB2BBB2E2AF9173C0037CFBA /* Debug */ = {
			isa = XCBuildConfiguration;
			buildSettings = {
				ASSETCATALOG_COMPILER_APPICON_NAME = AppIcon;
				ASSETCATALOG_COMPILER_GLOBAL_ACCENT_COLOR_NAME = AccentColor;
				CODE_SIGN_STYLE = Automatic;
				CURRENT_PROJECT_VERSION = 1;
				GENERATE_INFOPLIST_FILE = YES;
				INFOPLIST_FILE = NavigationPush_UIKit/Info.plist;
				INFOPLIST_KEY_UIApplicationSupportsIndirectInputEvents = YES;
				INFOPLIST_KEY_UILaunchStoryboardName = LaunchScreen;
				INFOPLIST_KEY_UIMainStoryboardFile = Main;
				INFOPLIST_KEY_UISupportedInterfaceOrientations_iPad = "UIInterfaceOrientationPortrait UIInterfaceOrientationPortraitUpsideDown UIInterfaceOrientationLandscapeLeft UIInterfaceOrientationLandscapeRight";
				INFOPLIST_KEY_UISupportedInterfaceOrientations_iPhone = "UIInterfaceOrientationPortrait UIInterfaceOrientationLandscapeLeft UIInterfaceOrientationLandscapeRight";
				LD_RUNPATH_SEARCH_PATHS = (
					"$(inherited)",
					"@executable_path/Frameworks",
				);
				MARKETING_VERSION = 1.0;
				PRODUCT_BUNDLE_IDENTIFIER = "marfercon.NavigationPush-UIKit";
				PRODUCT_NAME = "$(TARGET_NAME)";
				SWIFT_EMIT_LOC_STRINGS = YES;
				SWIFT_VERSION = 5.0;
				TARGETED_DEVICE_FAMILY = "1,2";
			};
			name = Debug;
		};
		DB2BBB2F2AF9173C0037CFBA /* Release */ = {
			isa = XCBuildConfiguration;
			buildSettings = {
				ASSETCATALOG_COMPILER_APPICON_NAME = AppIcon;
				ASSETCATALOG_COMPILER_GLOBAL_ACCENT_COLOR_NAME = AccentColor;
				CODE_SIGN_STYLE = Automatic;
				CURRENT_PROJECT_VERSION = 1;
				GENERATE_INFOPLIST_FILE = YES;
				INFOPLIST_FILE = NavigationPush_UIKit/Info.plist;
				INFOPLIST_KEY_UIApplicationSupportsIndirectInputEvents = YES;
				INFOPLIST_KEY_UILaunchStoryboardName = LaunchScreen;
				INFOPLIST_KEY_UIMainStoryboardFile = Main;
				INFOPLIST_KEY_UISupportedInterfaceOrientations_iPad = "UIInterfaceOrientationPortrait UIInterfaceOrientationPortraitUpsideDown UIInterfaceOrientationLandscapeLeft UIInterfaceOrientationLandscapeRight";
				INFOPLIST_KEY_UISupportedInterfaceOrientations_iPhone = "UIInterfaceOrientationPortrait UIInterfaceOrientationLandscapeLeft UIInterfaceOrientationLandscapeRight";
				LD_RUNPATH_SEARCH_PATHS = (
					"$(inherited)",
					"@executable_path/Frameworks",
				);
				MARKETING_VERSION = 1.0;
				PRODUCT_BUNDLE_IDENTIFIER = "marfercon.NavigationPush-UIKit";
				PRODUCT_NAME = "$(TARGET_NAME)";
				SWIFT_EMIT_LOC_STRINGS = YES;
				SWIFT_VERSION = 5.0;
				TARGETED_DEVICE_FAMILY = "1,2";
			};
			name = Release;
		};
		DB2BBB312AF9173C0037CFBA /* Debug */ = {
			isa = XCBuildConfiguration;
			buildSettings = {
				ALWAYS_EMBED_SWIFT_STANDARD_LIBRARIES = YES;
				BUNDLE_LOADER = "$(TEST_HOST)";
				CODE_SIGN_STYLE = Automatic;
				CURRENT_PROJECT_VERSION = 1;
				GENERATE_INFOPLIST_FILE = YES;
				IPHONEOS_DEPLOYMENT_TARGET = 17.0;
				MARKETING_VERSION = 1.0;
				PRODUCT_BUNDLE_IDENTIFIER = "marfercon.NavigationPush-UIKitTests";
				PRODUCT_NAME = "$(TARGET_NAME)";
				SWIFT_EMIT_LOC_STRINGS = NO;
				SWIFT_VERSION = 5.0;
				TARGETED_DEVICE_FAMILY = "1,2";
				TEST_HOST = "$(BUILT_PRODUCTS_DIR)/NavigationPush_UIKit.app/$(BUNDLE_EXECUTABLE_FOLDER_PATH)/NavigationPush_UIKit";
			};
			name = Debug;
		};
		DB2BBB322AF9173C0037CFBA /* Release */ = {
			isa = XCBuildConfiguration;
			buildSettings = {
				ALWAYS_EMBED_SWIFT_STANDARD_LIBRARIES = YES;
				BUNDLE_LOADER = "$(TEST_HOST)";
				CODE_SIGN_STYLE = Automatic;
				CURRENT_PROJECT_VERSION = 1;
				GENERATE_INFOPLIST_FILE = YES;
				IPHONEOS_DEPLOYMENT_TARGET = 17.0;
				MARKETING_VERSION = 1.0;
				PRODUCT_BUNDLE_IDENTIFIER = "marfercon.NavigationPush-UIKitTests";
				PRODUCT_NAME = "$(TARGET_NAME)";
				SWIFT_EMIT_LOC_STRINGS = NO;
				SWIFT_VERSION = 5.0;
				TARGETED_DEVICE_FAMILY = "1,2";
				TEST_HOST = "$(BUILT_PRODUCTS_DIR)/NavigationPush_UIKit.app/$(BUNDLE_EXECUTABLE_FOLDER_PATH)/NavigationPush_UIKit";
			};
			name = Release;
		};
		DB2BBB342AF9173C0037CFBA /* Debug */ = {
			isa = XCBuildConfiguration;
			buildSettings = {
				ALWAYS_EMBED_SWIFT_STANDARD_LIBRARIES = YES;
				CODE_SIGN_STYLE = Automatic;
				CURRENT_PROJECT_VERSION = 1;
				GENERATE_INFOPLIST_FILE = YES;
				MARKETING_VERSION = 1.0;
				PRODUCT_BUNDLE_IDENTIFIER = "marfercon.NavigationPush-UIKitUITests";
				PRODUCT_NAME = "$(TARGET_NAME)";
				SWIFT_EMIT_LOC_STRINGS = NO;
				SWIFT_VERSION = 5.0;
				TARGETED_DEVICE_FAMILY = "1,2";
				TEST_TARGET_NAME = NavigationPush_UIKit;
			};
			name = Debug;
		};
		DB2BBB352AF9173C0037CFBA /* Release */ = {
			isa = XCBuildConfiguration;
			buildSettings = {
				ALWAYS_EMBED_SWIFT_STANDARD_LIBRARIES = YES;
				CODE_SIGN_STYLE = Automatic;
				CURRENT_PROJECT_VERSION = 1;
				GENERATE_INFOPLIST_FILE = YES;
				MARKETING_VERSION = 1.0;
				PRODUCT_BUNDLE_IDENTIFIER = "marfercon.NavigationPush-UIKitUITests";
				PRODUCT_NAME = "$(TARGET_NAME)";
				SWIFT_EMIT_LOC_STRINGS = NO;
				SWIFT_VERSION = 5.0;
				TARGETED_DEVICE_FAMILY = "1,2";
				TEST_TARGET_NAME = NavigationPush_UIKit;
			};
			name = Release;
		};
/* End XCBuildConfiguration section */

/* Begin XCConfigurationList section */
		DB2BBAFE2AF917390037CFBA /* Build configuration list for PBXProject "NavigationPush_UIKit" */ = {
			isa = XCConfigurationList;
			buildConfigurations = (
				DB2BBB2B2AF9173C0037CFBA /* Debug */,
				DB2BBB2C2AF9173C0037CFBA /* Release */,
			);
			defaultConfigurationIsVisible = 0;
			defaultConfigurationName = Release;
		};
		DB2BBB2D2AF9173C0037CFBA /* Build configuration list for PBXNativeTarget "NavigationPush_UIKit" */ = {
			isa = XCConfigurationList;
			buildConfigurations = (
				DB2BBB2E2AF9173C0037CFBA /* Debug */,
				DB2BBB2F2AF9173C0037CFBA /* Release */,
			);
			defaultConfigurationIsVisible = 0;
			defaultConfigurationName = Release;
		};
		DB2BBB302AF9173C0037CFBA /* Build configuration list for PBXNativeTarget "NavigationPush_UIKitTests" */ = {
			isa = XCConfigurationList;
			buildConfigurations = (
				DB2BBB312AF9173C0037CFBA /* Debug */,
				DB2BBB322AF9173C0037CFBA /* Release */,
			);
			defaultConfigurationIsVisible = 0;
			defaultConfigurationName = Release;
		};
		DB2BBB332AF9173C0037CFBA /* Build configuration list for PBXNativeTarget "NavigationPush_UIKitUITests" */ = {
			isa = XCConfigurationList;
			buildConfigurations = (
				DB2BBB342AF9173C0037CFBA /* Debug */,
				DB2BBB352AF9173C0037CFBA /* Release */,
			);
			defaultConfigurationIsVisible = 0;
			defaultConfigurationName = Release;
		};
/* End XCConfigurationList section */
	};
	rootObject = DB2BBAFB2AF917390037CFBA /* Project object */;
}
