// !$*UTF8*$!
{
	archiveVersion = 1;
	classes = {
	};
	objectVersion = 56;
	objects = {

/* Begin PBXBuildFile section */
		DB2BBAC72AF90C760037CFBA /* AppDelegate.swift in Sources */ = {isa = PBXBuildFile; fileRef = DB2BBAC62AF90C760037CFBA /* AppDelegate.swift */; };
		DB2BBAC92AF90C760037CFBA /* SceneDelegate.swift in Sources */ = {isa = PBXBuildFile; fileRef = DB2BBAC82AF90C760037CFBA /* SceneDelegate.swift */; };
		DB2BBACB2AF90C760037CFBA /* ViewControllerA.swift in Sources */ = {isa = PBXBuildFile; fileRef = DB2BBACA2AF90C760037CFBA /* ViewControllerA.swift */; };
		DB2BBACE2AF90C760037CFBA /* Main.storyboard in Resources */ = {isa = PBXBuildFile; fileRef = DB2BBACC2AF90C760037CFBA /* Main.storyboard */; };
		DB2BBAD02AF90C790037CFBA /* Assets.xcassets in Resources */ = {isa = PBXBuildFile; fileRef = DB2BBACF2AF90C790037CFBA /* Assets.xcassets */; };
		DB2BBAD32AF90C790037CFBA /* LaunchScreen.storyboard in Resources */ = {isa = PBXBuildFile; fileRef = DB2BBAD12AF90C790037CFBA /* LaunchScreen.storyboard */; };
		DB2BBADE2AF90C790037CFBA /* NavigationModal_UIKitTests.swift in Sources */ = {isa = PBXBuildFile; fileRef = DB2BBADD2AF90C790037CFBA /* NavigationModal_UIKitTests.swift */; };
		DB2BBAE82AF90C790037CFBA /* NavigationModal_UIKitUITests.swift in Sources */ = {isa = PBXBuildFile; fileRef = DB2BBAE72AF90C790037CFBA /* NavigationModal_UIKitUITests.swift */; };
		DB2BBAEA2AF90C790037CFBA /* NavigationModal_UIKitUITestsLaunchTests.swift in Sources */ = {isa = PBXBuildFile; fileRef = DB2BBAE92AF90C790037CFBA /* NavigationModal_UIKitUITestsLaunchTests.swift */; };
		DB2BBAF72AF9100B0037CFBA /* ViewControllerB.swift in Sources */ = {isa = PBXBuildFile; fileRef = DB2BBAF62AF9100B0037CFBA /* ViewControllerB.swift */; };
		DB2BBAF92AF912B60037CFBA /* ViewControllerC.swift in Sources */ = {isa = PBXBuildFile; fileRef = DB2BBAF82AF912B60037CFBA /* ViewControllerC.swift */; };
/* End PBXBuildFile section */

/* Begin PBXContainerItemProxy section */
		DB2BBADA2AF90C790037CFBA /* PBXContainerItemProxy */ = {
			isa = PBXContainerItemProxy;
			containerPortal = DB2BBABB2AF90C760037CFBA /* Project object */;
			proxyType = 1;
			remoteGlobalIDString = DB2BBAC22AF90C760037CFBA;
			remoteInfo = NavigationModal_UIKit;
		};
		DB2BBAE42AF90C790037CFBA /* PBXContainerItemProxy */ = {
			isa = PBXContainerItemProxy;
			containerPortal = DB2BBABB2AF90C760037CFBA /* Project object */;
			proxyType = 1;
			remoteGlobalIDString = DB2BBAC22AF90C760037CFBA;
			remoteInfo = NavigationModal_UIKit;
		};
/* End PBXContainerItemProxy section */

/* Begin PBXFileReference section */
		DB2BBAC32AF90C760037CFBA /* NavigationModal_UIKit.app */ = {isa = PBXFileReference; explicitFileType = wrapper.application; includeInIndex = 0; path = NavigationModal_UIKit.app; sourceTree = BUILT_PRODUCTS_DIR; };
		DB2BBAC62AF90C760037CFBA /* AppDelegate.swift */ = {isa = PBXFileReference; lastKnownFileType = sourcecode.swift; path = AppDelegate.swift; sourceTree = "<group>"; };
		DB2BBAC82AF90C760037CFBA /* SceneDelegate.swift */ = {isa = PBXFileReference; lastKnownFileType = sourcecode.swift; path = SceneDelegate.swift; sourceTree = "<group>"; };
		DB2BBACA2AF90C760037CFBA /* ViewControllerA.swift */ = {isa = PBXFileReference; lastKnownFileType = sourcecode.swift; path = ViewControllerA.swift; sourceTree = "<group>"; };
		DB2BBACD2AF90C760037CFBA /* Base */ = {isa = PBXFileReference; lastKnownFileType = file.storyboard; name = Base; path = Base.lproj/Main.storyboard; sourceTree = "<group>"; };
		DB2BBACF2AF90C790037CFBA /* Assets.xcassets */ = {isa = PBXFileReference; lastKnownFileType = folder.assetcatalog; path = Assets.xcassets; sourceTree = "<group>"; };
		DB2BBAD22AF90C790037CFBA /* Base */ = {isa = PBXFileReference; lastKnownFileType = file.storyboard; name = Base; path = Base.lproj/LaunchScreen.storyboard; sourceTree = "<group>"; };
		DB2BBAD42AF90C790037CFBA /* Info.plist */ = {isa = PBXFileReference; lastKnownFileType = text.plist.xml; path = Info.plist; sourceTree = "<group>"; };
		DB2BBAD92AF90C790037CFBA /* NavigationModal_UIKitTests.xctest */ = {isa = PBXFileReference; explicitFileType = wrapper.cfbundle; includeInIndex = 0; path = NavigationModal_UIKitTests.xctest; sourceTree = BUILT_PRODUCTS_DIR; };
		DB2BBADD2AF90C790037CFBA /* NavigationModal_UIKitTests.swift */ = {isa = PBXFileReference; lastKnownFileType = sourcecode.swift; path = NavigationModal_UIKitTests.swift; sourceTree = "<group>"; };
		DB2BBAE32AF90C790037CFBA /* NavigationModal_UIKitUITests.xctest */ = {isa = PBXFileReference; explicitFileType = wrapper.cfbundle; includeInIndex = 0; path = NavigationModal_UIKitUITests.xctest; sourceTree = BUILT_PRODUCTS_DIR; };
		DB2BBAE72AF90C790037CFBA /* NavigationModal_UIKitUITests.swift */ = {isa = PBXFileReference; lastKnownFileType = sourcecode.swift; path = NavigationModal_UIKitUITests.swift; sourceTree = "<group>"; };
		DB2BBAE92AF90C790037CFBA /* NavigationModal_UIKitUITestsLaunchTests.swift */ = {isa = PBXFileReference; lastKnownFileType = sourcecode.swift; path = NavigationModal_UIKitUITestsLaunchTests.swift; sourceTree = "<group>"; };
		DB2BBAF62AF9100B0037CFBA /* ViewControllerB.swift */ = {isa = PBXFileReference; lastKnownFileType = sourcecode.swift; path = ViewControllerB.swift; sourceTree = "<group>"; };
		DB2BBAF82AF912B60037CFBA /* ViewControllerC.swift */ = {isa = PBXFileReference; lastKnownFileType = sourcecode.swift; path = ViewControllerC.swift; sourceTree = "<group>"; };
/* End PBXFileReference section */

/* Begin PBXFrameworksBuildPhase section */
		DB2BBAC02AF90C760037CFBA /* Frameworks */ = {
			isa = PBXFrameworksBuildPhase;
			buildActionMask = 2147483647;
			files = (
			);
			runOnlyForDeploymentPostprocessing = 0;
		};
		DB2BBAD62AF90C790037CFBA /* Frameworks */ = {
			isa = PBXFrameworksBuildPhase;
			buildActionMask = 2147483647;
			files = (
			);
			runOnlyForDeploymentPostprocessing = 0;
		};
		DB2BBAE02AF90C790037CFBA /* Frameworks */ = {
			isa = PBXFrameworksBuildPhase;
			buildActionMask = 2147483647;
			files = (
			);
			runOnlyForDeploymentPostprocessing = 0;
		};
/* End PBXFrameworksBuildPhase section */

/* Begin PBXGroup section */
		DB2BBABA2AF90C760037CFBA = {
			isa = PBXGroup;
			children = (
				DB2BBAC52AF90C760037CFBA /* NavigationModal_UIKit */,
				DB2BBADC2AF90C790037CFBA /* NavigationModal_UIKitTests */,
				DB2BBAE62AF90C790037CFBA /* NavigationModal_UIKitUITests */,
				DB2BBAC42AF90C760037CFBA /* Products */,
			);
			sourceTree = "<group>";
		};
		DB2BBAC42AF90C760037CFBA /* Products */ = {
			isa = PBXGroup;
			children = (
				DB2BBAC32AF90C760037CFBA /* NavigationModal_UIKit.app */,
				DB2BBAD92AF90C790037CFBA /* NavigationModal_UIKitTests.xctest */,
				DB2BBAE32AF90C790037CFBA /* NavigationModal_UIKitUITests.xctest */,
			);
			name = Products;
			sourceTree = "<group>";
		};
		DB2BBAC52AF90C760037CFBA /* NavigationModal_UIKit */ = {
			isa = PBXGroup;
			children = (
				DB2BBAF82AF912B60037CFBA /* ViewControllerC.swift */,
				DB2BBAC62AF90C760037CFBA /* AppDelegate.swift */,
				DB2BBAC82AF90C760037CFBA /* SceneDelegate.swift */,
				DB2BBACA2AF90C760037CFBA /* ViewControllerA.swift */,
				DB2BBAF62AF9100B0037CFBA /* ViewControllerB.swift */,
				DB2BBACC2AF90C760037CFBA /* Main.storyboard */,
				DB2BBACF2AF90C790037CFBA /* Assets.xcassets */,
				DB2BBAD12AF90C790037CFBA /* LaunchScreen.storyboard */,
				DB2BBAD42AF90C790037CFBA /* Info.plist */,
			);
			path = NavigationModal_UIKit;
			sourceTree = "<group>";
		};
		DB2BBADC2AF90C790037CFBA /* NavigationModal_UIKitTests */ = {
			isa = PBXGroup;
			children = (
				DB2BBADD2AF90C790037CFBA /* NavigationModal_UIKitTests.swift */,
			);
			path = NavigationModal_UIKitTests;
			sourceTree = "<group>";
		};
		DB2BBAE62AF90C790037CFBA /* NavigationModal_UIKitUITests */ = {
			isa = PBXGroup;
			children = (
				DB2BBAE72AF90C790037CFBA /* NavigationModal_UIKitUITests.swift */,
				DB2BBAE92AF90C790037CFBA /* NavigationModal_UIKitUITestsLaunchTests.swift */,
			);
			path = NavigationModal_UIKitUITests;
			sourceTree = "<group>";
		};
/* End PBXGroup section */

/* Begin PBXNativeTarget section */
		DB2BBAC22AF90C760037CFBA /* NavigationModal_UIKit */ = {
			isa = PBXNativeTarget;
			buildConfigurationList = DB2BBAED2AF90C790037CFBA /* Build configuration list for PBXNativeTarget "NavigationModal_UIKit" */;
			buildPhases = (
				DB2BBABF2AF90C760037CFBA /* Sources */,
				DB2BBAC02AF90C760037CFBA /* Frameworks */,
				DB2BBAC12AF90C760037CFBA /* Resources */,
			);
			buildRules = (
			);
			dependencies = (
			);
			name = NavigationModal_UIKit;
			productName = NavigationModal_UIKit;
			productReference = DB2BBAC32AF90C760037CFBA /* NavigationModal_UIKit.app */;
			productType = "com.apple.product-type.application";
		};
		DB2BBAD82AF90C790037CFBA /* NavigationModal_UIKitTests */ = {
			isa = PBXNativeTarget;
			buildConfigurationList = DB2BBAF02AF90C790037CFBA /* Build configuration list for PBXNativeTarget "NavigationModal_UIKitTests" */;
			buildPhases = (
				DB2BBAD52AF90C790037CFBA /* Sources */,
				DB2BBAD62AF90C790037CFBA /* Frameworks */,
				DB2BBAD72AF90C790037CFBA /* Resources */,
			);
			buildRules = (
			);
			dependencies = (
				DB2BBADB2AF90C790037CFBA /* PBXTargetDependency */,
			);
			name = NavigationModal_UIKitTests;
			productName = NavigationModal_UIKitTests;
			productReference = DB2BBAD92AF90C790037CFBA /* NavigationModal_UIKitTests.xctest */;
			productType = "com.apple.product-type.bundle.unit-test";
		};
		DB2BBAE22AF90C790037CFBA /* NavigationModal_UIKitUITests */ = {
			isa = PBXNativeTarget;
			buildConfigurationList = DB2BBAF32AF90C790037CFBA /* Build configuration list for PBXNativeTarget "NavigationModal_UIKitUITests" */;
			buildPhases = (
				DB2BBADF2AF90C790037CFBA /* Sources */,
				DB2BBAE02AF90C790037CFBA /* Frameworks */,
				DB2BBAE12AF90C790037CFBA /* Resources */,
			);
			buildRules = (
			);
			dependencies = (
				DB2BBAE52AF90C790037CFBA /* PBXTargetDependency */,
			);
			name = NavigationModal_UIKitUITests;
			productName = NavigationModal_UIKitUITests;
			productReference = DB2BBAE32AF90C790037CFBA /* NavigationModal_UIKitUITests.xctest */;
			productType = "com.apple.product-type.bundle.ui-testing";
		};
/* End PBXNativeTarget section */

/* Begin PBXProject section */
		DB2BBABB2AF90C760037CFBA /* Project object */ = {
			isa = PBXProject;
			attributes = {
				BuildIndependentTargetsInParallel = 1;
				LastSwiftUpdateCheck = 1500;
				LastUpgradeCheck = 1500;
				TargetAttributes = {
					DB2BBAC22AF90C760037CFBA = {
						CreatedOnToolsVersion = 15.0.1;
					};
					DB2BBAD82AF90C790037CFBA = {
						CreatedOnToolsVersion = 15.0.1;
						TestTargetID = DB2BBAC22AF90C760037CFBA;
					};
					DB2BBAE22AF90C790037CFBA = {
						CreatedOnToolsVersion = 15.0.1;
						TestTargetID = DB2BBAC22AF90C760037CFBA;
					};
				};
			};
			buildConfigurationList = DB2BBABE2AF90C760037CFBA /* Build configuration list for PBXProject "NavigationModal_UIKit" */;
			compatibilityVersion = "Xcode 14.0";
			developmentRegion = en;
			hasScannedForEncodings = 0;
			knownRegions = (
				en,
				Base,
			);
			mainGroup = DB2BBABA2AF90C760037CFBA;
			productRefGroup = DB2BBAC42AF90C760037CFBA /* Products */;
			projectDirPath = "";
			projectRoot = "";
			targets = (
				DB2BBAC22AF90C760037CFBA /* NavigationModal_UIKit */,
				DB2BBAD82AF90C790037CFBA /* NavigationModal_UIKitTests */,
				DB2BBAE22AF90C790037CFBA /* NavigationModal_UIKitUITests */,
			);
		};
/* End PBXProject section */

/* Begin PBXResourcesBuildPhase section */
		DB2BBAC12AF90C760037CFBA /* Resources */ = {
			isa = PBXResourcesBuildPhase;
			buildActionMask = 2147483647;
			files = (
				DB2BBAD32AF90C790037CFBA /* LaunchScreen.storyboard in Resources */,
				DB2BBAD02AF90C790037CFBA /* Assets.xcassets in Resources */,
				DB2BBACE2AF90C760037CFBA /* Main.storyboard in Resources */,
			);
			runOnlyForDeploymentPostprocessing = 0;
		};
		DB2BBAD72AF90C790037CFBA /* Resources */ = {
			isa = PBXResourcesBuildPhase;
			buildActionMask = 2147483647;
			files = (
			);
			runOnlyForDeploymentPostprocessing = 0;
		};
		DB2BBAE12AF90C790037CFBA /* Resources */ = {
			isa = PBXResourcesBuildPhase;
			buildActionMask = 2147483647;
			files = (
			);
			runOnlyForDeploymentPostprocessing = 0;
		};
/* End PBXResourcesBuildPhase section */

/* Begin PBXSourcesBuildPhase section */
		DB2BBABF2AF90C760037CFBA /* Sources */ = {
			isa = PBXSourcesBuildPhase;
			buildActionMask = 2147483647;
			files = (
				DB2BBACB2AF90C760037CFBA /* ViewControllerA.swift in Sources */,
				DB2BBAF72AF9100B0037CFBA /* ViewControllerB.swift in Sources */,
				DB2BBAF92AF912B60037CFBA /* ViewControllerC.swift in Sources */,
				DB2BBAC72AF90C760037CFBA /* AppDelegate.swift in Sources */,
				DB2BBAC92AF90C760037CFBA /* SceneDelegate.swift in Sources */,
			);
			runOnlyForDeploymentPostprocessing = 0;
		};
		DB2BBAD52AF90C790037CFBA /* Sources */ = {
			isa = PBXSourcesBuildPhase;
			buildActionMask = 2147483647;
			files = (
				DB2BBADE2AF90C790037CFBA /* NavigationModal_UIKitTests.swift in Sources */,
			);
			runOnlyForDeploymentPostprocessing = 0;
		};
		DB2BBADF2AF90C790037CFBA /* Sources */ = {
			isa = PBXSourcesBuildPhase;
			buildActionMask = 2147483647;
			files = (
				DB2BBAE82AF90C790037CFBA /* NavigationModal_UIKitUITests.swift in Sources */,
				DB2BBAEA2AF90C790037CFBA /* NavigationModal_UIKitUITestsLaunchTests.swift in Sources */,
			);
			runOnlyForDeploymentPostprocessing = 0;
		};
/* End PBXSourcesBuildPhase section */

/* Begin PBXTargetDependency section */
		DB2BBADB2AF90C790037CFBA /* PBXTargetDependency */ = {
			isa = PBXTargetDependency;
			target = DB2BBAC22AF90C760037CFBA /* NavigationModal_UIKit */;
			targetProxy = DB2BBADA2AF90C790037CFBA /* PBXContainerItemProxy */;
		};
		DB2BBAE52AF90C790037CFBA /* PBXTargetDependency */ = {
			isa = PBXTargetDependency;
			target = DB2BBAC22AF90C760037CFBA /* NavigationModal_UIKit */;
			targetProxy = DB2BBAE42AF90C790037CFBA /* PBXContainerItemProxy */;
		};
/* End PBXTargetDependency section */

/* Begin PBXVariantGroup section */
		DB2BBACC2AF90C760037CFBA /* Main.storyboard */ = {
			isa = PBXVariantGroup;
			children = (
				DB2BBACD2AF90C760037CFBA /* Base */,
			);
			name = Main.storyboard;
			sourceTree = "<group>";
		};
		DB2BBAD12AF90C790037CFBA /* LaunchScreen.storyboard */ = {
			isa = PBXVariantGroup;
			children = (
				DB2BBAD22AF90C790037CFBA /* Base */,
			);
			name = LaunchScreen.storyboard;
			sourceTree = "<group>";
		};
/* End PBXVariantGroup section */

/* Begin XCBuildConfiguration section */
		DB2BBAEB2AF90C790037CFBA /* Debug */ = {
			isa = XCBuildConfiguration;
			buildSettings = {
				ALWAYS_SEARCH_USER_PATHS = NO;
				ASSETCATALOG_COMPILER_GENERATE_SWIFT_ASSET_SYMBOL_EXTENSIONS = YES;
				CLANG_ANALYZER_NONNULL = YES;
				CLANG_ANALYZER_NUMBER_OBJECT_CONVERSION = YES_AGGRESSIVE;
				CLANG_CXX_LANGUAGE_STANDARD = "gnu++20";
				CLANG_ENABLE_MODULES = YES;
				CLANG_ENABLE_OBJC_ARC = YES;
				CLANG_ENABLE_OBJC_WEAK = YES;
				CLANG_WARN_BLOCK_CAPTURE_AUTORELEASING = YES;
				CLANG_WARN_BOOL_CONVERSION = YES;
				CLANG_WARN_COMMA = YES;
				CLANG_WARN_CONSTANT_CONVERSION = YES;
				CLANG_WARN_DEPRECATED_OBJC_IMPLEMENTATIONS = YES;
				CLANG_WARN_DIRECT_OBJC_ISA_USAGE = YES_ERROR;
				CLANG_WARN_DOCUMENTATION_COMMENTS = YES;
				CLANG_WARN_EMPTY_BODY = YES;
				CLANG_WARN_ENUM_CONVERSION = YES;
				CLANG_WARN_INFINITE_RECURSION = YES;
				CLANG_WARN_INT_CONVERSION = YES;
				CLANG_WARN_NON_LITERAL_NULL_CONVERSION = YES;
				CLANG_WARN_OBJC_IMPLICIT_RETAIN_SELF = YES;
				CLANG_WARN_OBJC_LITERAL_CONVERSION = YES;
				CLANG_WARN_OBJC_ROOT_CLASS = YES_ERROR;
				CLANG_WARN_QUOTED_INCLUDE_IN_FRAMEWORK_HEADER = YES;
				CLANG_WARN_RANGE_LOOP_ANALYSIS = YES;
				CLANG_WARN_STRICT_PROTOTYPES = YES;
				CLANG_WARN_SUSPICIOUS_MOVE = YES;
				CLANG_WARN_UNGUARDED_AVAILABILITY = YES_AGGRESSIVE;
				CLANG_WARN_UNREACHABLE_CODE = YES;
				CLANG_WARN__DUPLICATE_METHOD_MATCH = YES;
				COPY_PHASE_STRIP = NO;
				DEBUG_INFORMATION_FORMAT = dwarf;
				ENABLE_STRICT_OBJC_MSGSEND = YES;
				ENABLE_TESTABILITY = YES;
				ENABLE_USER_SCRIPT_SANDBOXING = YES;
				GCC_C_LANGUAGE_STANDARD = gnu17;
				GCC_DYNAMIC_NO_PIC = NO;
				GCC_NO_COMMON_BLOCKS = YES;
				GCC_OPTIMIZATION_LEVEL = 0;
				GCC_PREPROCESSOR_DEFINITIONS = (
					"DEBUG=1",
					"$(inherited)",
				);
				GCC_WARN_64_TO_32_BIT_CONVERSION = YES;
				GCC_WARN_ABOUT_RETURN_TYPE = YES_ERROR;
				GCC_WARN_UNDECLARED_SELECTOR = YES;
				GCC_WARN_UNINITIALIZED_AUTOS = YES_AGGRESSIVE;
				GCC_WARN_UNUSED_FUNCTION = YES;
				GCC_WARN_UNUSED_VARIABLE = YES;
				IPHONEOS_DEPLOYMENT_TARGET = 17.0;
				LOCALIZATION_PREFERS_STRING_CATALOGS = YES;
				MTL_ENABLE_DEBUG_INFO = INCLUDE_SOURCE;
				MTL_FAST_MATH = YES;
				ONLY_ACTIVE_ARCH = YES;
				SDKROOT = iphoneos;
				SWIFT_ACTIVE_COMPILATION_CONDITIONS = "DEBUG $(inherited)";
				SWIFT_OPTIMIZATION_LEVEL = "-Onone";
			};
			name = Debug;
		};
		DB2BBAEC2AF90C790037CFBA /* Release */ = {
			isa = XCBuildConfiguration;
			buildSettings = {
				ALWAYS_SEARCH_USER_PATHS = NO;
				ASSETCATALOG_COMPILER_GENERATE_SWIFT_ASSET_SYMBOL_EXTENSIONS = YES;
				CLANG_ANALYZER_NONNULL = YES;
				CLANG_ANALYZER_NUMBER_OBJECT_CONVERSION = YES_AGGRESSIVE;
				CLANG_CXX_LANGUAGE_STANDARD = "gnu++20";
				CLANG_ENABLE_MODULES = YES;
				CLANG_ENABLE_OBJC_ARC = YES;
				CLANG_ENABLE_OBJC_WEAK = YES;
				CLANG_WARN_BLOCK_CAPTURE_AUTORELEASING = YES;
				CLANG_WARN_BOOL_CONVERSION = YES;
				CLANG_WARN_COMMA = YES;
				CLANG_WARN_CONSTANT_CONVERSION = YES;
				CLANG_WARN_DEPRECATED_OBJC_IMPLEMENTATIONS = YES;
				CLANG_WARN_DIRECT_OBJC_ISA_USAGE = YES_ERROR;
				CLANG_WARN_DOCUMENTATION_COMMENTS = YES;
				CLANG_WARN_EMPTY_BODY = YES;
				CLANG_WARN_ENUM_CONVERSION = YES;
				CLANG_WARN_INFINITE_RECURSION = YES;
				CLANG_WARN_INT_CONVERSION = YES;
				CLANG_WARN_NON_LITERAL_NULL_CONVERSION = YES;
				CLANG_WARN_OBJC_IMPLICIT_RETAIN_SELF = YES;
				CLANG_WARN_OBJC_LITERAL_CONVERSION = YES;
				CLANG_WARN_OBJC_ROOT_CLASS = YES_ERROR;
				CLANG_WARN_QUOTED_INCLUDE_IN_FRAMEWORK_HEADER = YES;
				CLANG_WARN_RANGE_LOOP_ANALYSIS = YES;
				CLANG_WARN_STRICT_PROTOTYPES = YES;
				CLANG_WARN_SUSPICIOUS_MOVE = YES;
				CLANG_WARN_UNGUARDED_AVAILABILITY = YES_AGGRESSIVE;
				CLANG_WARN_UNREACHABLE_CODE = YES;
				CLANG_WARN__DUPLICATE_METHOD_MATCH = YES;
				COPY_PHASE_STRIP = NO;
				DEBUG_INFORMATION_FORMAT = "dwarf-with-dsym";
				ENABLE_NS_ASSERTIONS = NO;
				ENABLE_STRICT_OBJC_MSGSEND = YES;
				ENABLE_USER_SCRIPT_SANDBOXING = YES;
				GCC_C_LANGUAGE_STANDARD = gnu17;
				GCC_NO_COMMON_BLOCKS = YES;
				GCC_WARN_64_TO_32_BIT_CONVERSION = YES;
				GCC_WARN_ABOUT_RETURN_TYPE = YES_ERROR;
				GCC_WARN_UNDECLARED_SELECTOR = YES;
				GCC_WARN_UNINITIALIZED_AUTOS = YES_AGGRESSIVE;
				GCC_WARN_UNUSED_FUNCTION = YES;
				GCC_WARN_UNUSED_VARIABLE = YES;
				IPHONEOS_DEPLOYMENT_TARGET = 17.0;
				LOCALIZATION_PREFERS_STRING_CATALOGS = YES;
				MTL_ENABLE_DEBUG_INFO = NO;
				MTL_FAST_MATH = YES;
				SDKROOT = iphoneos;
				SWIFT_COMPILATION_MODE = wholemodule;
				VALIDATE_PRODUCT = YES;
			};
			name = Release;
		};
		DB2BBAEE2AF90C790037CFBA /* Debug */ = {
			isa = XCBuildConfiguration;
			buildSettings = {
				ASSETCATALOG_COMPILER_APPICON_NAME = AppIcon;
				ASSETCATALOG_COMPILER_GLOBAL_ACCENT_COLOR_NAME = AccentColor;
				CODE_SIGN_STYLE = Automatic;
				CURRENT_PROJECT_VERSION = 1;
				GENERATE_INFOPLIST_FILE = YES;
				INFOPLIST_FILE = NavigationModal_UIKit/Info.plist;
				INFOPLIST_KEY_UIApplicationSupportsIndirectInputEvents = YES;
				INFOPLIST_KEY_UILaunchStoryboardName = LaunchScreen;
				INFOPLIST_KEY_UIMainStoryboardFile = Main;
				INFOPLIST_KEY_UISupportedInterfaceOrientations_iPad = "UIInterfaceOrientationPortrait UIInterfaceOrientationPortraitUpsideDown UIInterfaceOrientationLandscapeLeft UIInterfaceOrientationLandscapeRight";
				INFOPLIST_KEY_UISupportedInterfaceOrientations_iPhone = "UIInterfaceOrientationPortrait UIInterfaceOrientationLandscapeLeft UIInterfaceOrientationLandscapeRight";
				LD_RUNPATH_SEARCH_PATHS = (
					"$(inherited)",
					"@executable_path/Frameworks",
				);
				MARKETING_VERSION = 1.0;
				PRODUCT_BUNDLE_IDENTIFIER = "marfercon.NavigationModal-UIKit";
				PRODUCT_NAME = "$(TARGET_NAME)";
				SWIFT_EMIT_LOC_STRINGS = YES;
				SWIFT_VERSION = 5.0;
				TARGETED_DEVICE_FAMILY = "1,2";
			};
			name = Debug;
		};
		DB2BBAEF2AF90C790037CFBA /* Release */ = {
			isa = XCBuildConfiguration;
			buildSettings = {
				ASSETCATALOG_COMPILER_APPICON_NAME = AppIcon;
				ASSETCATALOG_COMPILER_GLOBAL_ACCENT_COLOR_NAME = AccentColor;
				CODE_SIGN_STYLE = Automatic;
				CURRENT_PROJECT_VERSION = 1;
				GENERATE_INFOPLIST_FILE = YES;
				INFOPLIST_FILE = NavigationModal_UIKit/Info.plist;
				INFOPLIST_KEY_UIApplicationSupportsIndirectInputEvents = YES;
				INFOPLIST_KEY_UILaunchStoryboardName = LaunchScreen;
				INFOPLIST_KEY_UIMainStoryboardFile = Main;
				INFOPLIST_KEY_UISupportedInterfaceOrientations_iPad = "UIInterfaceOrientationPortrait UIInterfaceOrientationPortraitUpsideDown UIInterfaceOrientationLandscapeLeft UIInterfaceOrientationLandscapeRight";
				INFOPLIST_KEY_UISupportedInterfaceOrientations_iPhone = "UIInterfaceOrientationPortrait UIInterfaceOrientationLandscapeLeft UIInterfaceOrientationLandscapeRight";
				LD_RUNPATH_SEARCH_PATHS = (
					"$(inherited)",
					"@executable_path/Frameworks",
				);
				MARKETING_VERSION = 1.0;
				PRODUCT_BUNDLE_IDENTIFIER = "marfercon.NavigationModal-UIKit";
				PRODUCT_NAME = "$(TARGET_NAME)";
				SWIFT_EMIT_LOC_STRINGS = YES;
				SWIFT_VERSION = 5.0;
				TARGETED_DEVICE_FAMILY = "1,2";
			};
			name = Release;
		};
		DB2BBAF12AF90C790037CFBA /* Debug */ = {
			isa = XCBuildConfiguration;
			buildSettings = {
				ALWAYS_EMBED_SWIFT_STANDARD_LIBRARIES = YES;
				BUNDLE_LOADER = "$(TEST_HOST)";
				CODE_SIGN_STYLE = Automatic;
				CURRENT_PROJECT_VERSION = 1;
				GENERATE_INFOPLIST_FILE = YES;
				IPHONEOS_DEPLOYMENT_TARGET = 17.0;
				MARKETING_VERSION = 1.0;
				PRODUCT_BUNDLE_IDENTIFIER = "marfercon.NavigationModal-UIKitTests";
				PRODUCT_NAME = "$(TARGET_NAME)";
				SWIFT_EMIT_LOC_STRINGS = NO;
				SWIFT_VERSION = 5.0;
				TARGETED_DEVICE_FAMILY = "1,2";
				TEST_HOST = "$(BUILT_PRODUCTS_DIR)/NavigationModal_UIKit.app/$(BUNDLE_EXECUTABLE_FOLDER_PATH)/NavigationModal_UIKit";
			};
			name = Debug;
		};
		DB2BBAF22AF90C790037CFBA /* Release */ = {
			isa = XCBuildConfiguration;
			buildSettings = {
				ALWAYS_EMBED_SWIFT_STANDARD_LIBRARIES = YES;
				BUNDLE_LOADER = "$(TEST_HOST)";
				CODE_SIGN_STYLE = Automatic;
				CURRENT_PROJECT_VERSION = 1;
				GENERATE_INFOPLIST_FILE = YES;
				IPHONEOS_DEPLOYMENT_TARGET = 17.0;
				MARKETING_VERSION = 1.0;
				PRODUCT_BUNDLE_IDENTIFIER = "marfercon.NavigationModal-UIKitTests";
				PRODUCT_NAME = "$(TARGET_NAME)";
				SWIFT_EMIT_LOC_STRINGS = NO;
				SWIFT_VERSION = 5.0;
				TARGETED_DEVICE_FAMILY = "1,2";
				TEST_HOST = "$(BUILT_PRODUCTS_DIR)/NavigationModal_UIKit.app/$(BUNDLE_EXECUTABLE_FOLDER_PATH)/NavigationModal_UIKit";
			};
			name = Release;
		};
		DB2BBAF42AF90C790037CFBA /* Debug */ = {
			isa = XCBuildConfiguration;
			buildSettings = {
				ALWAYS_EMBED_SWIFT_STANDARD_LIBRARIES = YES;
				CODE_SIGN_STYLE = Automatic;
				CURRENT_PROJECT_VERSION = 1;
				GENERATE_INFOPLIST_FILE = YES;
				MARKETING_VERSION = 1.0;
				PRODUCT_BUNDLE_IDENTIFIER = "marfercon.NavigationModal-UIKitUITests";
				PRODUCT_NAME = "$(TARGET_NAME)";
				SWIFT_EMIT_LOC_STRINGS = NO;
				SWIFT_VERSION = 5.0;
				TARGETED_DEVICE_FAMILY = "1,2";
				TEST_TARGET_NAME = NavigationModal_UIKit;
			};
			name = Debug;
		};
		DB2BBAF52AF90C790037CFBA /* Release */ = {
			isa = XCBuildConfiguration;
			buildSettings = {
				ALWAYS_EMBED_SWIFT_STANDARD_LIBRARIES = YES;
				CODE_SIGN_STYLE = Automatic;
				CURRENT_PROJECT_VERSION = 1;
				GENERATE_INFOPLIST_FILE = YES;
				MARKETING_VERSION = 1.0;
				PRODUCT_BUNDLE_IDENTIFIER = "marfercon.NavigationModal-UIKitUITests";
				PRODUCT_NAME = "$(TARGET_NAME)";
				SWIFT_EMIT_LOC_STRINGS = NO;
				SWIFT_VERSION = 5.0;
				TARGETED_DEVICE_FAMILY = "1,2";
				TEST_TARGET_NAME = NavigationModal_UIKit;
			};
			name = Release;
		};
/* End XCBuildConfiguration section */

/* Begin XCConfigurationList section */
		DB2BBABE2AF90C760037CFBA /* Build configuration list for PBXProject "NavigationModal_UIKit" */ = {
			isa = XCConfigurationList;
			buildConfigurations = (
				DB2BBAEB2AF90C790037CFBA /* Debug */,
				DB2BBAEC2AF90C790037CFBA /* Release */,
			);
			defaultConfigurationIsVisible = 0;
			defaultConfigurationName = Release;
		};
		DB2BBAED2AF90C790037CFBA /* Build configuration list for PBXNativeTarget "NavigationModal_UIKit" */ = {
			isa = XCConfigurationList;
			buildConfigurations = (
				DB2BBAEE2AF90C790037CFBA /* Debug */,
				DB2BBAEF2AF90C790037CFBA /* Release */,
			);
			defaultConfigurationIsVisible = 0;
			defaultConfigurationName = Release;
		};
		DB2BBAF02AF90C790037CFBA /* Build configuration list for PBXNativeTarget "NavigationModal_UIKitTests" */ = {
			isa = XCConfigurationList;
			buildConfigurations = (
				DB2BBAF12AF90C790037CFBA /* Debug */,
				DB2BBAF22AF90C790037CFBA /* Release */,
			);
			defaultConfigurationIsVisible = 0;
			defaultConfigurationName = Release;
		};
		DB2BBAF32AF90C790037CFBA /* Build configuration list for PBXNativeTarget "NavigationModal_UIKitUITests" */ = {
			isa = XCConfigurationList;
			buildConfigurations = (
				DB2BBAF42AF90C790037CFBA /* Debug */,
				DB2BBAF52AF90C790037CFBA /* Release */,
			);
			defaultConfigurationIsVisible = 0;
			defaultConfigurationName = Release;
		};
/* End XCConfigurationList section */
	};
	rootObject = DB2BBABB2AF90C760037CFBA /* Project object */;
}
